
Microsoft Visual Studio Solution File, Format Version 12.00
# Visual Studio Version 16
VisualStudioVersion = 16.0.29806.167
MinimumVisualStudioVersion = 10.0.40219.1
Project("{FAE04EC0-301F-11D3-BF4B-00C04F79EFBC}") = "ConsoleApp2-get", "ConsoleApp2-get\ConsoleApp2-get.csproj", "{E71550FA-E5A7-43BC-912E-8C88CC0A6B4F}"
EndProject
Global
	GlobalSection(SolutionConfigurationPlatforms) = preSolution
		Debug|Any CPU = Debug|Any CPU
		Release|Any CPU = Release|Any CPU
	EndGlobalSection
	GlobalSection(ProjectConfigurationPlatforms) = postSolution
		{E71550FA-E5A7-43BC-912E-8C88CC0A6B4F}.Debug|Any CPU.ActiveCfg = Debug|Any CPU
		{E71550FA-E5A7-43BC-912E-8C88CC0A6B4F}.Debug|Any CPU.Build.0 = Debug|Any CPU
		{E71550FA-E5A7-43BC-912E-8C88CC0A6B4F}.Release|Any CPU.ActiveCfg = Release|Any CPU
		{E71550FA-E5A7-43BC-912E-8C88CC0A6B4F}.Release|Any CPU.Build.0 = Release|Any CPU
	EndGlobalSection
	GlobalSection(SolutionProperties) = preSolution
		HideSolutionNode = FALSE
	EndGlobalSection
	GlobalSection(ExtensibilityGlobals) = postSolution
		SolutionGuid = {FC236F10-30B4-4E6C-8C17-C2B00CAA8131}
	EndGlobalSection
EndGlobal
